
Microsoft Visual Studio Solution File, Format Version 12.00
# Visual Studio 15
VisualStudioVersion = 15.0.36324.19
MinimumVisualStudioVersion = 10.0.40219.1
Project("{FAE04EC0-301F-11D3-BF4B-00C04F79EFBC}") = "Windows_CRUD_App", "Windows_CRUD_App\Windows_CRUD_App.csproj", "{4A50DDEB-52A8-4BC0-B127-1F0BED71E713}"
EndProject
Global
	GlobalSection(SolutionConfigurationPlatforms) = preSolution
		Debug|Any CPU = Debug|Any CPU
		Release|Any CPU = Release|Any CPU
	EndGlobalSection
	GlobalSection(ProjectConfigurationPlatforms) = postSolution
		{4A50DDEB-52A8-4BC0-B127-1F0BED71E713}.Debug|Any CPU.ActiveCfg = Debug|Any CPU
		{4A50DDEB-52A8-4BC0-B127-1F0BED71E713}.Debug|Any CPU.Build.0 = Debug|Any CPU
		{4A50DDEB-52A8-4BC0-B127-1F0BED71E713}.Release|Any CPU.ActiveCfg = Release|Any CPU
		{4A50DDEB-52A8-4BC0-B127-1F0BED71E713}.Release|Any CPU.Build.0 = Release|Any CPU
	EndGlobalSection
	GlobalSection(SolutionProperties) = preSolution
		HideSolutionNode = FALSE
	EndGlobalSection
	GlobalSection(ExtensibilityGlobals) = postSolution
		SolutionGuid = {7D5FABAA-EB85-4AD7-A4F9-381C4785D18E}
	EndGlobalSection
EndGlobal
